
Microsoft Visual Studio Solution File, Format Version 12.00
# Visual Studio 2012
Project("{FAE04EC0-301F-11D3-BF4B-00C04F79EFBC}") = "GurCodesDataBinding", "GurCodesDataBinding\GurCodesDataBinding.csproj", "{3711F514-C7FD-4EA2-9409-EE5C681153A2}"
EndProject
Project("{FAE04EC0-301F-11D3-BF4B-00C04F79EFBC}") = "GurCodesDataBinding.iOS", "iOS\GurCodesDataBinding.iOS.csproj", "{84454809-CE9E-4FA6-93CE-AA10588FA7A8}"
EndProject
Project("{FAE04EC0-301F-11D3-BF4B-00C04F79EFBC}") = "GurCodesDataBinding.Droid", "Droid\GurCodesDataBinding.Droid.csproj", "{98F90CCA-8280-4891-8649-1C801F0A4104}"
EndProject
Global
	GlobalSection(SolutionConfigurationPlatforms) = preSolution
		Debug|Any CPU = Debug|Any CPU
		Release|Any CPU = Release|Any CPU
		Debug|iPhoneSimulator = Debug|iPhoneSimulator
		Release|iPhone = Release|iPhone
		Release|iPhoneSimulator = Release|iPhoneSimulator
		Debug|iPhone = Debug|iPhone
	EndGlobalSection
	GlobalSection(ProjectConfigurationPlatforms) = postSolution
		{3711F514-C7FD-4EA2-9409-EE5C681153A2}.Debug|Any CPU.ActiveCfg = Debug|Any CPU
		{3711F514-C7FD-4EA2-9409-EE5C681153A2}.Debug|Any CPU.Build.0 = Debug|Any CPU
		{3711F514-C7FD-4EA2-9409-EE5C681153A2}.Release|Any CPU.ActiveCfg = Release|Any CPU
		{3711F514-C7FD-4EA2-9409-EE5C681153A2}.Release|Any CPU.Build.0 = Release|Any CPU
		{3711F514-C7FD-4EA2-9409-EE5C681153A2}.Debug|iPhoneSimulator.ActiveCfg = Debug|Any CPU
		{3711F514-C7FD-4EA2-9409-EE5C681153A2}.Debug|iPhoneSimulator.Build.0 = Debug|Any CPU
		{3711F514-C7FD-4EA2-9409-EE5C681153A2}.Release|iPhone.ActiveCfg = Release|Any CPU
		{3711F514-C7FD-4EA2-9409-EE5C681153A2}.Release|iPhone.Build.0 = Release|Any CPU
		{3711F514-C7FD-4EA2-9409-EE5C681153A2}.Release|iPhoneSimulator.ActiveCfg = Release|Any CPU
		{3711F514-C7FD-4EA2-9409-EE5C681153A2}.Release|iPhoneSimulator.Build.0 = Release|Any CPU
		{3711F514-C7FD-4EA2-9409-EE5C681153A2}.Debug|iPhone.ActiveCfg = Debug|Any CPU
		{3711F514-C7FD-4EA2-9409-EE5C681153A2}.Debug|iPhone.Build.0 = Debug|Any CPU
		{84454809-CE9E-4FA6-93CE-AA10588FA7A8}.Debug|Any CPU.ActiveCfg = Debug|iPhoneSimulator
		{84454809-CE9E-4FA6-93CE-AA10588FA7A8}.Debug|Any CPU.Build.0 = Debug|iPhoneSimulator
		{84454809-CE9E-4FA6-93CE-AA10588FA7A8}.Release|Any CPU.ActiveCfg = Release|iPhone
		{84454809-CE9E-4FA6-93CE-AA10588FA7A8}.Release|Any CPU.Build.0 = Release|iPhone
		{84454809-CE9E-4FA6-93CE-AA10588FA7A8}.Debug|iPhoneSimulator.ActiveCfg = Debug|iPhoneSimulator
		{84454809-CE9E-4FA6-93CE-AA10588FA7A8}.Debug|iPhoneSimulator.Build.0 = Debug|iPhoneSimulator
		{84454809-CE9E-4FA6-93CE-AA10588FA7A8}.Release|iPhone.ActiveCfg = Release|iPhone
		{84454809-CE9E-4FA6-93CE-AA10588FA7A8}.Release|iPhone.Build.0 = Release|iPhone
		{84454809-CE9E-4FA6-93CE-AA10588FA7A8}.Release|iPhoneSimulator.ActiveCfg = Release|iPhoneSimulator
		{84454809-CE9E-4FA6-93CE-AA10588FA7A8}.Release|iPhoneSimulator.Build.0 = Release|iPhoneSimulator
		{84454809-CE9E-4FA6-93CE-AA10588FA7A8}.Debug|iPhone.ActiveCfg = Debug|iPhone
		{84454809-CE9E-4FA6-93CE-AA10588FA7A8}.Debug|iPhone.Build.0 = Debug|iPhone
		{98F90CCA-8280-4891-8649-1C801F0A4104}.Debug|Any CPU.ActiveCfg = Debug|Any CPU
		{98F90CCA-8280-4891-8649-1C801F0A4104}.Debug|Any CPU.Build.0 = Debug|Any CPU
		{98F90CCA-8280-4891-8649-1C801F0A4104}.Release|Any CPU.ActiveCfg = Release|Any CPU
		{98F90CCA-8280-4891-8649-1C801F0A4104}.Release|Any CPU.Build.0 = Release|Any CPU
		{98F90CCA-8280-4891-8649-1C801F0A4104}.Debug|iPhoneSimulator.ActiveCfg = Debug|Any CPU
		{98F90CCA-8280-4891-8649-1C801F0A4104}.Debug|iPhoneSimulator.Build.0 = Debug|Any CPU
		{98F90CCA-8280-4891-8649-1C801F0A4104}.Release|iPhone.ActiveCfg = Release|Any CPU
		{98F90CCA-8280-4891-8649-1C801F0A4104}.Release|iPhone.Build.0 = Release|Any CPU
		{98F90CCA-8280-4891-8649-1C801F0A4104}.Release|iPhoneSimulator.ActiveCfg = Release|Any CPU
		{98F90CCA-8280-4891-8649-1C801F0A4104}.Release|iPhoneSimulator.Build.0 = Release|Any CPU
		{98F90CCA-8280-4891-8649-1C801F0A4104}.Debug|iPhone.ActiveCfg = Debug|Any CPU
		{98F90CCA-8280-4891-8649-1C801F0A4104}.Debug|iPhone.Build.0 = Debug|Any CPU
	EndGlobalSection
EndGlobal
